
Microsoft Visual Studio Solution File, Format Version 12.00
# Visual Studio Version 17
VisualStudioVersion = 17.3.32929.385
MinimumVisualStudioVersion = 10.0.40219.1
Project("{FAE04EC0-301F-11D3-BF4B-00C04F79EFBC}") = "desktopAPP", "desktopAPP\desktopAPP.csproj", "{3CB5B4CB-89BC-41C5-A1A9-C9E773D11A8D}"
EndProject
Global
	GlobalSection(SolutionConfigurationPlatforms) = preSolution
		Debug|Any CPU = Debug|Any CPU
		Release|Any CPU = Release|Any CPU
	EndGlobalSection
	GlobalSection(ProjectConfigurationPlatforms) = postSolution
		{3CB5B4CB-89BC-41C5-A1A9-C9E773D11A8D}.Debug|Any CPU.ActiveCfg = Debug|Any CPU
		{3CB5B4CB-89BC-41C5-A1A9-C9E773D11A8D}.Debug|Any CPU.Build.0 = Debug|Any CPU
		{3CB5B4CB-89BC-41C5-A1A9-C9E773D11A8D}.Release|Any CPU.ActiveCfg = Release|Any CPU
		{3CB5B4CB-89BC-41C5-A1A9-C9E773D11A8D}.Release|Any CPU.Build.0 = Release|Any CPU
	EndGlobalSection
	GlobalSection(SolutionProperties) = preSolution
		HideSolutionNode = FALSE
	EndGlobalSection
	GlobalSection(ExtensibilityGlobals) = postSolution
		SolutionGuid = {2261735C-2FD7-4120-A146-D8BC0F7B036A}
	EndGlobalSection
EndGlobal
